
Microsoft Visual Studio Solution File, Format Version 12.00
# Visual Studio Version 16
VisualStudioVersion = 16.0.29418.71
MinimumVisualStudioVersion = 10.0.40219.1
Project("{FAE04EC0-301F-11D3-BF4B-00C04F79EFBC}") = "ShapesManager", "ShapesManager\ShapesManager.csproj", "{8DA4E983-BE31-4C84-A59E-9A21D8D162A0}"
EndProject
Project("{FAE04EC0-301F-11D3-BF4B-00C04F79EFBC}") = "Visuals", "Visuals\Visuals.csproj", "{6393FB4D-B3C7-4348-ACAA-690E1C1DC44F}"
EndProject
Project("{FAE04EC0-301F-11D3-BF4B-00C04F79EFBC}") = "Services", "Services\Services.csproj", "{B0940339-5471-4263-AD4F-9E627BE69440}"
EndProject
Project("{FAE04EC0-301F-11D3-BF4B-00C04F79EFBC}") = "Models", "Models\Models.csproj", "{5C2FD1B6-7FE8-4CC1-9F4D-BEB1586A07BE}"
EndProject
Global
	GlobalSection(SolutionConfigurationPlatforms) = preSolution
		Debug|Any CPU = Debug|Any CPU
		Release|Any CPU = Release|Any CPU
	EndGlobalSection
	GlobalSection(ProjectConfigurationPlatforms) = postSolution
		{8DA4E983-BE31-4C84-A59E-9A21D8D162A0}.Debug|Any CPU.ActiveCfg = Debug|Any CPU
		{8DA4E983-BE31-4C84-A59E-9A21D8D162A0}.Debug|Any CPU.Build.0 = Debug|Any CPU
		{8DA4E983-BE31-4C84-A59E-9A21D8D162A0}.Release|Any CPU.ActiveCfg = Release|Any CPU
		{8DA4E983-BE31-4C84-A59E-9A21D8D162A0}.Release|Any CPU.Build.0 = Release|Any CPU
		{6393FB4D-B3C7-4348-ACAA-690E1C1DC44F}.Debug|Any CPU.ActiveCfg = Debug|Any CPU
		{6393FB4D-B3C7-4348-ACAA-690E1C1DC44F}.Debug|Any CPU.Build.0 = Debug|Any CPU
		{6393FB4D-B3C7-4348-ACAA-690E1C1DC44F}.Release|Any CPU.ActiveCfg = Release|Any CPU
		{6393FB4D-B3C7-4348-ACAA-690E1C1DC44F}.Release|Any CPU.Build.0 = Release|Any CPU
		{B0940339-5471-4263-AD4F-9E627BE69440}.Debug|Any CPU.ActiveCfg = Debug|Any CPU
		{B0940339-5471-4263-AD4F-9E627BE69440}.Debug|Any CPU.Build.0 = Debug|Any CPU
		{B0940339-5471-4263-AD4F-9E627BE69440}.Release|Any CPU.ActiveCfg = Release|Any CPU
		{B0940339-5471-4263-AD4F-9E627BE69440}.Release|Any CPU.Build.0 = Release|Any CPU
		{5C2FD1B6-7FE8-4CC1-9F4D-BEB1586A07BE}.Debug|Any CPU.ActiveCfg = Debug|Any CPU
		{5C2FD1B6-7FE8-4CC1-9F4D-BEB1586A07BE}.Debug|Any CPU.Build.0 = Debug|Any CPU
		{5C2FD1B6-7FE8-4CC1-9F4D-BEB1586A07BE}.Release|Any CPU.ActiveCfg = Release|Any CPU
		{5C2FD1B6-7FE8-4CC1-9F4D-BEB1586A07BE}.Release|Any CPU.Build.0 = Release|Any CPU
	EndGlobalSection
	GlobalSection(SolutionProperties) = preSolution
		HideSolutionNode = FALSE
	EndGlobalSection
	GlobalSection(ExtensibilityGlobals) = postSolution
		SolutionGuid = {8C3E78CD-CB8F-4F88-81EA-835F94E0BAF9}
	EndGlobalSection
EndGlobal
